
Microsoft Visual Studio Solution File, Format Version 12.00
# Visual Studio Version 16
VisualStudioVersion = 16.0.32126.315
MinimumVisualStudioVersion = 10.0.40219.1
Project("{FAE04EC0-301F-11D3-BF4B-00C04F79EFBC}") = "DiscordBot", "DiscordBot\DiscordBot.csproj", "{B324C71D-DDF0-4DFF-872B-4A0331B6C17D}"
EndProject
Global
	GlobalSection(SolutionConfigurationPlatforms) = preSolution
		Debug|Any CPU = Debug|Any CPU
		Release|Any CPU = Release|Any CPU
	EndGlobalSection
	GlobalSection(ProjectConfigurationPlatforms) = postSolution
		{B324C71D-DDF0-4DFF-872B-4A0331B6C17D}.Debug|Any CPU.ActiveCfg = Debug|Any CPU
		{B324C71D-DDF0-4DFF-872B-4A0331B6C17D}.Debug|Any CPU.Build.0 = Debug|Any CPU
		{B324C71D-DDF0-4DFF-872B-4A0331B6C17D}.Release|Any CPU.ActiveCfg = Release|Any CPU
		{B324C71D-DDF0-4DFF-872B-4A0331B6C17D}.Release|Any CPU.Build.0 = Release|Any CPU
	EndGlobalSection
	GlobalSection(SolutionProperties) = preSolution
		HideSolutionNode = FALSE
	EndGlobalSection
	GlobalSection(ExtensibilityGlobals) = postSolution
		SolutionGuid = {7E728FAE-6964-45FF-B8A9-B61EC356EA7F}
	EndGlobalSection
EndGlobal
